// !$*UTF8*$!
{
	archiveVersion = 1;
	classes = {
	};
	objectVersion = 55;
	objects = {

/* Begin PBXBuildFile section */
		860CB431282E21DC0080ECBD /* GoogleService-Info.plist in Resources */ = {isa = PBXBuildFile; fileRef = 860CB430282E21DC0080ECBD /* GoogleService-Info.plist */; };
		8625D162282BE1C400F79CF9 /* StockPriceApp.swift in Sources */ = {isa = PBXBuildFile; fileRef = 8625D161282BE1C400F79CF9 /* StockPriceApp.swift */; };
		8625D164282BE1C400F79CF9 /* ContentView.swift in Sources */ = {isa = PBXBuildFile; fileRef = 8625D163282BE1C400F79CF9 /* ContentView.swift */; };
		8625D166282BE1C600F79CF9 /* Assets.xcassets in Resources */ = {isa = PBXBuildFile; fileRef = 8625D165282BE1C600F79CF9 /* Assets.xcassets */; };
		8625D169282BE1C600F79CF9 /* Preview Assets.xcassets in Resources */ = {isa = PBXBuildFile; fileRef = 8625D168282BE1C600F79CF9 /* Preview Assets.xcassets */; };
		8625D173282BE21600F79CF9 /* StockDetailView.swift in Sources */ = {isa = PBXBuildFile; fileRef = 8625D172282BE21600F79CF9 /* StockDetailView.swift */; };
		8625D175282BE22600F79CF9 /* DetailViewModel.swift in Sources */ = {isa = PBXBuildFile; fileRef = 8625D174282BE22600F79CF9 /* DetailViewModel.swift */; };
		8625D17D282BF28500F79CF9 /* NetworkRequest.swift in Sources */ = {isa = PBXBuildFile; fileRef = 8625D17C282BF28500F79CF9 /* NetworkRequest.swift */; };
		8625D182282C199E00F79CF9 /* StockCharts in Frameworks */ = {isa = PBXBuildFile; productRef = 8625D181282C199E00F79CF9 /* StockCharts */; };
		86355551282CB9EC00AADD0F /* StockSummary.swift in Sources */ = {isa = PBXBuildFile; fileRef = 86355550282CB9EC00AADD0F /* StockSummary.swift */; };
		86958516282E2E1A0081EDE6 /* FirebaseAuth in Frameworks */ = {isa = PBXBuildFile; productRef = 86958515282E2E1A0081EDE6 /* FirebaseAuth */; };
		86958518282E2E1A0081EDE6 /* FirebaseFirestore in Frameworks */ = {isa = PBXBuildFile; productRef = 86958517282E2E1A0081EDE6 /* FirebaseFirestore */; };
		8695851B282E2EE20081EDE6 /* GoogleSignIn in Frameworks */ = {isa = PBXBuildFile; productRef = 8695851A282E2EE20081EDE6 /* GoogleSignIn */; };
		8695851E282E307D0081EDE6 /* AuthViewModel.swift in Sources */ = {isa = PBXBuildFile; fileRef = 8695851D282E307D0081EDE6 /* AuthViewModel.swift */; };
		86958520282EA17F0081EDE6 /* WelcomeView.swift in Sources */ = {isa = PBXBuildFile; fileRef = 8695851F282EA17F0081EDE6 /* WelcomeView.swift */; };
		86958522282EAB540081EDE6 /* HomeView.swift in Sources */ = {isa = PBXBuildFile; fileRef = 86958521282EAB540081EDE6 /* HomeView.swift */; };
		86EC2CFB282F6DAA00EB0C20 /* StockCardView.swift in Sources */ = {isa = PBXBuildFile; fileRef = 86EC2CFA282F6DAA00EB0C20 /* StockCardView.swift */; };
		86EC2CFD282FAE6100EB0C20 /* HomeViewModel.swift in Sources */ = {isa = PBXBuildFile; fileRef = 86EC2CFC282FAE6100EB0C20 /* HomeViewModel.swift */; };
		86EC2D012830F24200EB0C20 /* PriceQuote.swift in Sources */ = {isa = PBXBuildFile; fileRef = 86EC2D002830F24200EB0C20 /* PriceQuote.swift */; };
		86EC2D0328315C7500EB0C20 /* SearchStockView.swift in Sources */ = {isa = PBXBuildFile; fileRef = 86EC2D0228315C7500EB0C20 /* SearchStockView.swift */; };
		86EC2D0528315F3D00EB0C20 /* StockSearch.swift in Sources */ = {isa = PBXBuildFile; fileRef = 86EC2D0428315F3C00EB0C20 /* StockSearch.swift */; };
/* End PBXBuildFile section */

/* Begin PBXFileReference section */
		860CB430282E21DC0080ECBD /* GoogleService-Info.plist */ = {isa = PBXFileReference; fileEncoding = 4; lastKnownFileType = text.plist.xml; path = "GoogleService-Info.plist"; sourceTree = "<group>"; };
		8625D15E282BE1C400F79CF9 /* StockPrice.app */ = {isa = PBXFileReference; explicitFileType = wrapper.application; includeInIndex = 0; path = StockPrice.app; sourceTree = BUILT_PRODUCTS_DIR; };
		8625D161282BE1C400F79CF9 /* StockPriceApp.swift */ = {isa = PBXFileReference; lastKnownFileType = sourcecode.swift; path = StockPriceApp.swift; sourceTree = "<group>"; };
		8625D163282BE1C400F79CF9 /* ContentView.swift */ = {isa = PBXFileReference; lastKnownFileType = sourcecode.swift; path = ContentView.swift; sourceTree = "<group>"; };
		8625D165282BE1C600F79CF9 /* Assets.xcassets */ = {isa = PBXFileReference; lastKnownFileType = folder.assetcatalog; path = Assets.xcassets; sourceTree = "<group>"; };
		8625D168282BE1C600F79CF9 /* Preview Assets.xcassets */ = {isa = PBXFileReference; lastKnownFileType = folder.assetcatalog; path = "Preview Assets.xcassets"; sourceTree = "<group>"; };
		8625D172282BE21600F79CF9 /* StockDetailView.swift */ = {isa = PBXFileReference; lastKnownFileType = sourcecode.swift; path = StockDetailView.swift; sourceTree = "<group>"; };
		8625D174282BE22600F79CF9 /* DetailViewModel.swift */ = {isa = PBXFileReference; lastKnownFileType = sourcecode.swift; path = DetailViewModel.swift; sourceTree = "<group>"; };
		8625D17C282BF28500F79CF9 /* NetworkRequest.swift */ = {isa = PBXFileReference; lastKnownFileType = sourcecode.swift; path = NetworkRequest.swift; sourceTree = "<group>"; };
		86355550282CB9EC00AADD0F /* StockSummary.swift */ = {isa = PBXFileReference; lastKnownFileType = sourcecode.swift; path = StockSummary.swift; sourceTree = "<group>"; };
		8695851C282E2FF30081EDE6 /* Info.plist */ = {isa = PBXFileReference; lastKnownFileType = text.plist; path = Info.plist; sourceTree = "<group>"; };
		8695851D282E307D0081EDE6 /* AuthViewModel.swift */ = {isa = PBXFileReference; lastKnownFileType = sourcecode.swift; path = AuthViewModel.swift; sourceTree = "<group>"; };
		8695851F282EA17F0081EDE6 /* WelcomeView.swift */ = {isa = PBXFileReference; lastKnownFileType = sourcecode.swift; path = WelcomeView.swift; sourceTree = "<group>"; };
		86958521282EAB540081EDE6 /* HomeView.swift */ = {isa = PBXFileReference; lastKnownFileType = sourcecode.swift; path = HomeView.swift; sourceTree = "<group>"; };
		86EC2CFA282F6DAA00EB0C20 /* StockCardView.swift */ = {isa = PBXFileReference; lastKnownFileType = sourcecode.swift; path = StockCardView.swift; sourceTree = "<group>"; };
		86EC2CFC282FAE6100EB0C20 /* HomeViewModel.swift */ = {isa = PBXFileReference; lastKnownFileType = sourcecode.swift; path = HomeViewModel.swift; sourceTree = "<group>"; };
		86EC2D002830F24200EB0C20 /* PriceQuote.swift */ = {isa = PBXFileReference; lastKnownFileType = sourcecode.swift; path = PriceQuote.swift; sourceTree = "<group>"; };
		86EC2D0228315C7500EB0C20 /* SearchStockView.swift */ = {isa = PBXFileReference; lastKnownFileType = sourcecode.swift; path = SearchStockView.swift; sourceTree = "<group>"; };
		86EC2D0428315F3C00EB0C20 /* StockSearch.swift */ = {isa = PBXFileReference; lastKnownFileType = sourcecode.swift; path = StockSearch.swift; sourceTree = "<group>"; };
/* End PBXFileReference section */

/* Begin PBXFrameworksBuildPhase section */
		8625D15B282BE1C400F79CF9 /* Frameworks */ = {
			isa = PBXFrameworksBuildPhase;
			buildActionMask = 2147483647;
			files = (
				8625D182282C199E00F79CF9 /* StockCharts in Frameworks */,
				8695851B282E2EE20081EDE6 /* GoogleSignIn in Frameworks */,
				86958516282E2E1A0081EDE6 /* FirebaseAuth in Frameworks */,
				86958518282E2E1A0081EDE6 /* FirebaseFirestore in Frameworks */,
			);
			runOnlyForDeploymentPostprocessing = 0;
		};
/* End PBXFrameworksBuildPhase section */

/* Begin PBXGroup section */
		8625D155282BE1C400F79CF9 = {
			isa = PBXGroup;
			children = (
				860CB430282E21DC0080ECBD /* GoogleService-Info.plist */,
				8625D160282BE1C400F79CF9 /* StockPrice */,
				8625D15F282BE1C400F79CF9 /* Products */,
			);
			sourceTree = "<group>";
		};
		8625D15F282BE1C400F79CF9 /* Products */ = {
			isa = PBXGroup;
			children = (
				8625D15E282BE1C400F79CF9 /* StockPrice.app */,
			);
			name = Products;
			sourceTree = "<group>";
		};
		8625D160282BE1C400F79CF9 /* StockPrice */ = {
			isa = PBXGroup;
			children = (
				8695851C282E2FF30081EDE6 /* Info.plist */,
				8625D171282BE20600F79CF9 /* Views */,
				8625D170282BE1F200F79CF9 /* ViewModels */,
				8625D16F282BE1E700F79CF9 /* Models */,
				8625D161282BE1C400F79CF9 /* StockPriceApp.swift */,
				8625D163282BE1C400F79CF9 /* ContentView.swift */,
				8625D165282BE1C600F79CF9 /* Assets.xcassets */,
				8625D167282BE1C600F79CF9 /* Preview Content */,
				8625D17C282BF28500F79CF9 /* NetworkRequest.swift */,
			);
			path = StockPrice;
			sourceTree = "<group>";
		};
		8625D167282BE1C600F79CF9 /* Preview Content */ = {
			isa = PBXGroup;
			children = (
				8625D168282BE1C600F79CF9 /* Preview Assets.xcassets */,
			);
			path = "Preview Content";
			sourceTree = "<group>";
		};
		8625D16F282BE1E700F79CF9 /* Models */ = {
			isa = PBXGroup;
			children = (
				86355550282CB9EC00AADD0F /* StockSummary.swift */,
				86EC2D002830F24200EB0C20 /* PriceQuote.swift */,
				86EC2D0428315F3C00EB0C20 /* StockSearch.swift */,
			);
			path = Models;
			sourceTree = "<group>";
		};
		8625D170282BE1F200F79CF9 /* ViewModels */ = {
			isa = PBXGroup;
			children = (
				8625D174282BE22600F79CF9 /* DetailViewModel.swift */,
				8695851D282E307D0081EDE6 /* AuthViewModel.swift */,
				86EC2CFC282FAE6100EB0C20 /* HomeViewModel.swift */,
			);
			path = ViewModels;
			sourceTree = "<group>";
		};
		8625D171282BE20600F79CF9 /* Views */ = {
			isa = PBXGroup;
			children = (
				8625D172282BE21600F79CF9 /* StockDetailView.swift */,
				8695851F282EA17F0081EDE6 /* WelcomeView.swift */,
				86958521282EAB540081EDE6 /* HomeView.swift */,
				86EC2CFA282F6DAA00EB0C20 /* StockCardView.swift */,
				86EC2D0228315C7500EB0C20 /* SearchStockView.swift */,
			);
			path = Views;
			sourceTree = "<group>";
		};
/* End PBXGroup section */

/* Begin PBXNativeTarget section */
		8625D15D282BE1C400F79CF9 /* StockPrice */ = {
			isa = PBXNativeTarget;
			buildConfigurationList = 8625D16C282BE1C600F79CF9 /* Build configuration list for PBXNativeTarget "StockPrice" */;
			buildPhases = (
				8625D15A282BE1C400F79CF9 /* Sources */,
				8625D15B282BE1C400F79CF9 /* Frameworks */,
				8625D15C282BE1C400F79CF9 /* Resources */,
			);
			buildRules = (
			);
			dependencies = (
			);
			name = StockPrice;
			packageProductDependencies = (
				8625D181282C199E00F79CF9 /* StockCharts */,
				86958515282E2E1A0081EDE6 /* FirebaseAuth */,
				86958517282E2E1A0081EDE6 /* FirebaseFirestore */,
				8695851A282E2EE20081EDE6 /* GoogleSignIn */,
			);
			productName = StockPrice;
			productReference = 8625D15E282BE1C400F79CF9 /* StockPrice.app */;
			productType = "com.apple.product-type.application";
		};
/* End PBXNativeTarget section */

/* Begin PBXProject section */
		8625D156282BE1C400F79CF9 /* Project object */ = {
			isa = PBXProject;
			attributes = {
				BuildIndependentTargetsInParallel = 1;
				LastSwiftUpdateCheck = 1330;
				LastUpgradeCheck = 1330;
				TargetAttributes = {
					8625D15D282BE1C400F79CF9 = {
						CreatedOnToolsVersion = 13.3.1;
					};
				};
			};
			buildConfigurationList = 8625D159282BE1C400F79CF9 /* Build configuration list for PBXProject "StockPrice" */;
			compatibilityVersion = "Xcode 13.0";
			developmentRegion = en;
			hasScannedForEncodings = 0;
			knownRegions = (
				en,
				Base,
			);
			mainGroup = 8625D155282BE1C400F79CF9;
			packageReferences = (
				8625D180282C199E00F79CF9 /* XCRemoteSwiftPackageReference "stock-charts" */,
				86958514282E2E1A0081EDE6 /* XCRemoteSwiftPackageReference "firebase-ios-sdk" */,
				86958519282E2EE20081EDE6 /* XCRemoteSwiftPackageReference "GoogleSignIn-iOS" */,
			);
			productRefGroup = 8625D15F282BE1C400F79CF9 /* Products */;
			projectDirPath = "";
			projectRoot = "";
			targets = (
				8625D15D282BE1C400F79CF9 /* StockPrice */,
			);
		};
/* End PBXProject section */

/* Begin PBXResourcesBuildPhase section */
		8625D15C282BE1C400F79CF9 /* Resources */ = {
			isa = PBXResourcesBuildPhase;
			buildActionMask = 2147483647;
			files = (
				8625D169282BE1C600F79CF9 /* Preview Assets.xcassets in Resources */,
				8625D166282BE1C600F79CF9 /* Assets.xcassets in Resources */,
				860CB431282E21DC0080ECBD /* GoogleService-Info.plist in Resources */,
			);
			runOnlyForDeploymentPostprocessing = 0;
		};
/* End PBXResourcesBuildPhase section */

/* Begin PBXSourcesBuildPhase section */
		8625D15A282BE1C400F79CF9 /* Sources */ = {
			isa = PBXSourcesBuildPhase;
			buildActionMask = 2147483647;
			files = (
				86EC2D012830F24200EB0C20 /* PriceQuote.swift in Sources */,
				8625D17D282BF28500F79CF9 /* NetworkRequest.swift in Sources */,
				86EC2D0528315F3D00EB0C20 /* StockSearch.swift in Sources */,
				8625D173282BE21600F79CF9 /* StockDetailView.swift in Sources */,
				86958520282EA17F0081EDE6 /* WelcomeView.swift in Sources */,
				86958522282EAB540081EDE6 /* HomeView.swift in Sources */,
				86355551282CB9EC00AADD0F /* StockSummary.swift in Sources */,
				8695851E282E307D0081EDE6 /* AuthViewModel.swift in Sources */,
				86EC2CFD282FAE6100EB0C20 /* HomeViewModel.swift in Sources */,
				8625D164282BE1C400F79CF9 /* ContentView.swift in Sources */,
				86EC2CFB282F6DAA00EB0C20 /* StockCardView.swift in Sources */,
				8625D162282BE1C400F79CF9 /* StockPriceApp.swift in Sources */,
				8625D175282BE22600F79CF9 /* DetailViewModel.swift in Sources */,
				86EC2D0328315C7500EB0C20 /* SearchStockView.swift in Sources */,
			);
			runOnlyForDeploymentPostprocessing = 0;
		};
/* End PBXSourcesBuildPhase section */

/* Begin XCBuildConfiguration section */
		8625D16A282BE1C600F79CF9 /* Debug */ = {
			isa = XCBuildConfiguration;
			buildSettings = {
				ALWAYS_SEARCH_USER_PATHS = NO;
				CLANG_ANALYZER_NONNULL = YES;
				CLANG_ANALYZER_NUMBER_OBJECT_CONVERSION = YES_AGGRESSIVE;
				CLANG_CXX_LANGUAGE_STANDARD = "gnu++17";
				CLANG_ENABLE_MODULES = YES;
				CLANG_ENABLE_OBJC_ARC = YES;
				CLANG_ENABLE_OBJC_WEAK = YES;
				CLANG_WARN_BLOCK_CAPTURE_AUTORELEASING = YES;
				CLANG_WARN_BOOL_CONVERSION = YES;
				CLANG_WARN_COMMA = YES;
				CLANG_WARN_CONSTANT_CONVERSION = YES;
				CLANG_WARN_DEPRECATED_OBJC_IMPLEMENTATIONS = YES;
				CLANG_WARN_DIRECT_OBJC_ISA_USAGE = YES_ERROR;
				CLANG_WARN_DOCUMENTATION_COMMENTS = YES;
				CLANG_WARN_EMPTY_BODY = YES;
				CLANG_WARN_ENUM_CONVERSION = YES;
				CLANG_WARN_INFINITE_RECURSION = YES;
				CLANG_WARN_INT_CONVERSION = YES;
				CLANG_WARN_NON_LITERAL_NULL_CONVERSION = YES;
				CLANG_WARN_OBJC_IMPLICIT_RETAIN_SELF = YES;
				CLANG_WARN_OBJC_LITERAL_CONVERSION = YES;
				CLANG_WARN_OBJC_ROOT_CLASS = YES_ERROR;
				CLANG_WARN_QUOTED_INCLUDE_IN_FRAMEWORK_HEADER = YES;
				CLANG_WARN_RANGE_LOOP_ANALYSIS = YES;
				CLANG_WARN_STRICT_PROTOTYPES = YES;
				CLANG_WARN_SUSPICIOUS_MOVE = YES;
				CLANG_WARN_UNGUARDED_AVAILABILITY = YES_AGGRESSIVE;
				CLANG_WARN_UNREACHABLE_CODE = YES;
				CLANG_WARN__DUPLICATE_METHOD_MATCH = YES;
				COPY_PHASE_STRIP = NO;
				DEBUG_INFORMATION_FORMAT = dwarf;
				ENABLE_STRICT_OBJC_MSGSEND = YES;
				ENABLE_TESTABILITY = YES;
				GCC_C_LANGUAGE_STANDARD = gnu11;
				GCC_DYNAMIC_NO_PIC = NO;
				GCC_NO_COMMON_BLOCKS = YES;
				GCC_OPTIMIZATION_LEVEL = 0;
				GCC_PREPROCESSOR_DEFINITIONS = (
					"DEBUG=1",
					"$(inherited)",
				);
				GCC_WARN_64_TO_32_BIT_CONVERSION = YES;
				GCC_WARN_ABOUT_RETURN_TYPE = YES_ERROR;
				GCC_WARN_UNDECLARED_SELECTOR = YES;
				GCC_WARN_UNINITIALIZED_AUTOS = YES_AGGRESSIVE;
				GCC_WARN_UNUSED_FUNCTION = YES;
				GCC_WARN_UNUSED_VARIABLE = YES;
				IPHONEOS_DEPLOYMENT_TARGET = 15.4;
				MTL_ENABLE_DEBUG_INFO = INCLUDE_SOURCE;
				MTL_FAST_MATH = YES;
				ONLY_ACTIVE_ARCH = YES;
				SDKROOT = iphoneos;
				SWIFT_ACTIVE_COMPILATION_CONDITIONS = DEBUG;
				SWIFT_OPTIMIZATION_LEVEL = "-Onone";
			};
			name = Debug;
		};
		8625D16B282BE1C600F79CF9 /* Release */ = {
			isa = XCBuildConfiguration;
			buildSettings = {
				ALWAYS_SEARCH_USER_PATHS = NO;
				CLANG_ANALYZER_NONNULL = YES;
				CLANG_ANALYZER_NUMBER_OBJECT_CONVERSION = YES_AGGRESSIVE;
				CLANG_CXX_LANGUAGE_STANDARD = "gnu++17";
				CLANG_ENABLE_MODULES = YES;
				CLANG_ENABLE_OBJC_ARC = YES;
				CLANG_ENABLE_OBJC_WEAK = YES;
				CLANG_WARN_BLOCK_CAPTURE_AUTORELEASING = YES;
				CLANG_WARN_BOOL_CONVERSION = YES;
				CLANG_WARN_COMMA = YES;
				CLANG_WARN_CONSTANT_CONVERSION = YES;
				CLANG_WARN_DEPRECATED_OBJC_IMPLEMENTATIONS = YES;
				CLANG_WARN_DIRECT_OBJC_ISA_USAGE = YES_ERROR;
				CLANG_WARN_DOCUMENTATION_COMMENTS = YES;
				CLANG_WARN_EMPTY_BODY = YES;
				CLANG_WARN_ENUM_CONVERSION = YES;
				CLANG_WARN_INFINITE_RECURSION = YES;
				CLANG_WARN_INT_CONVERSION = YES;
				CLANG_WARN_NON_LITERAL_NULL_CONVERSION = YES;
				CLANG_WARN_OBJC_IMPLICIT_RETAIN_SELF = YES;
				CLANG_WARN_OBJC_LITERAL_CONVERSION = YES;
				CLANG_WARN_OBJC_ROOT_CLASS = YES_ERROR;
				CLANG_WARN_QUOTED_INCLUDE_IN_FRAMEWORK_HEADER = YES;
				CLANG_WARN_RANGE_LOOP_ANALYSIS = YES;
				CLANG_WARN_STRICT_PROTOTYPES = YES;
				CLANG_WARN_SUSPICIOUS_MOVE = YES;
				CLANG_WARN_UNGUARDED_AVAILABILITY = YES_AGGRESSIVE;
				CLANG_WARN_UNREACHABLE_CODE = YES;
				CLANG_WARN__DUPLICATE_METHOD_MATCH = YES;
				COPY_PHASE_STRIP = NO;
				DEBUG_INFORMATION_FORMAT = "dwarf-with-dsym";
				ENABLE_NS_ASSERTIONS = NO;
				ENABLE_STRICT_OBJC_MSGSEND = YES;
				GCC_C_LANGUAGE_STANDARD = gnu11;
				GCC_NO_COMMON_BLOCKS = YES;
				GCC_WARN_64_TO_32_BIT_CONVERSION = YES;
				GCC_WARN_ABOUT_RETURN_TYPE = YES_ERROR;
				GCC_WARN_UNDECLARED_SELECTOR = YES;
				GCC_WARN_UNINITIALIZED_AUTOS = YES_AGGRESSIVE;
				GCC_WARN_UNUSED_FUNCTION = YES;
				GCC_WARN_UNUSED_VARIABLE = YES;
				IPHONEOS_DEPLOYMENT_TARGET = 15.4;
				MTL_ENABLE_DEBUG_INFO = NO;
				MTL_FAST_MATH = YES;
				SDKROOT = iphoneos;
				SWIFT_COMPILATION_MODE = wholemodule;
				SWIFT_OPTIMIZATION_LEVEL = "-O";
				VALIDATE_PRODUCT = YES;
			};
			name = Release;
		};
		8625D16D282BE1C600F79CF9 /* Debug */ = {
			isa = XCBuildConfiguration;
			buildSettings = {
				ASSETCATALOG_COMPILER_APPICON_NAME = AppIcon;
				ASSETCATALOG_COMPILER_GLOBAL_ACCENT_COLOR_NAME = AccentColor;
				CODE_SIGN_STYLE = Automatic;
				CURRENT_PROJECT_VERSION = 1;
				DEVELOPMENT_ASSET_PATHS = "\"StockPrice/Preview Content\"";
				DEVELOPMENT_TEAM = AXD33J252A;
				ENABLE_PREVIEWS = YES;
				GENERATE_INFOPLIST_FILE = YES;
				INFOPLIST_FILE = StockPrice/Info.plist;
				INFOPLIST_KEY_UIApplicationSceneManifest_Generation = YES;
				INFOPLIST_KEY_UIApplicationSupportsIndirectInputEvents = YES;
				INFOPLIST_KEY_UILaunchScreen_Generation = YES;
				INFOPLIST_KEY_UISupportedInterfaceOrientations_iPad = "UIInterfaceOrientationPortrait UIInterfaceOrientationPortraitUpsideDown UIInterfaceOrientationLandscapeLeft UIInterfaceOrientationLandscapeRight";
				INFOPLIST_KEY_UISupportedInterfaceOrientations_iPhone = "UIInterfaceOrientationPortrait UIInterfaceOrientationLandscapeLeft UIInterfaceOrientationLandscapeRight";
				LD_RUNPATH_SEARCH_PATHS = (
					"$(inherited)",
					"@executable_path/Frameworks",
				);
				MARKETING_VERSION = 1.0;
				PRODUCT_BUNDLE_IDENTIFIER = me.ivanchristian.StockPrice;
				PRODUCT_NAME = "$(TARGET_NAME)";
				SWIFT_EMIT_LOC_STRINGS = YES;
				SWIFT_VERSION = 5.0;
				TARGETED_DEVICE_FAMILY = "1,2";
			};
			name = Debug;
		};
		8625D16E282BE1C600F79CF9 /* Release */ = {
			isa = XCBuildConfiguration;
			buildSettings = {
				ASSETCATALOG_COMPILER_APPICON_NAME = AppIcon;
				ASSETCATALOG_COMPILER_GLOBAL_ACCENT_COLOR_NAME = AccentColor;
				CODE_SIGN_STYLE = Automatic;
				CURRENT_PROJECT_VERSION = 1;
				DEVELOPMENT_ASSET_PATHS = "\"StockPrice/Preview Content\"";
				DEVELOPMENT_TEAM = AXD33J252A;
				ENABLE_PREVIEWS = YES;
				GENERATE_INFOPLIST_FILE = YES;
				INFOPLIST_FILE = StockPrice/Info.plist;
				INFOPLIST_KEY_UIApplicationSceneManifest_Generation = YES;
				INFOPLIST_KEY_UIApplicationSupportsIndirectInputEvents = YES;
				INFOPLIST_KEY_UILaunchScreen_Generation = YES;
				INFOPLIST_KEY_UISupportedInterfaceOrientations_iPad = "UIInterfaceOrientationPortrait UIInterfaceOrientationPortraitUpsideDown UIInterfaceOrientationLandscapeLeft UIInterfaceOrientationLandscapeRight";
				INFOPLIST_KEY_UISupportedInterfaceOrientations_iPhone = "UIInterfaceOrientationPortrait UIInterfaceOrientationLandscapeLeft UIInterfaceOrientationLandscapeRight";
				LD_RUNPATH_SEARCH_PATHS = (
					"$(inherited)",
					"@executable_path/Frameworks",
				);
				MARKETING_VERSION = 1.0;
				PRODUCT_BUNDLE_IDENTIFIER = me.ivanchristian.StockPrice;
				PRODUCT_NAME = "$(TARGET_NAME)";
				SWIFT_EMIT_LOC_STRINGS = YES;
				SWIFT_VERSION = 5.0;
				TARGETED_DEVICE_FAMILY = "1,2";
			};
			name = Release;
		};
/* End XCBuildConfiguration section */

/* Begin XCConfigurationList section */
		8625D159282BE1C400F79CF9 /* Build configuration list for PBXProject "StockPrice" */ = {
			isa = XCConfigurationList;
			buildConfigurations = (
				8625D16A282BE1C600F79CF9 /* Debug */,
				8625D16B282BE1C600F79CF9 /* Release */,
			);
			defaultConfigurationIsVisible = 0;
			defaultConfigurationName = Release;
		};
		8625D16C282BE1C600F79CF9 /* Build configuration list for PBXNativeTarget "StockPrice" */ = {
			isa = XCConfigurationList;
			buildConfigurations = (
				8625D16D282BE1C600F79CF9 /* Debug */,
				8625D16E282BE1C600F79CF9 /* Release */,
			);
			defaultConfigurationIsVisible = 0;
			defaultConfigurationName = Release;
		};
/* End XCConfigurationList section */

/* Begin XCRemoteSwiftPackageReference section */
		8625D180282C199E00F79CF9 /* XCRemoteSwiftPackageReference "stock-charts" */ = {
			isa = XCRemoteSwiftPackageReference;
			repositoryURL = "https://github.com/denniscm190/stock-charts.git";
			requirement = {
				kind = upToNextMajorVersion;
				minimumVersion = 1.0.0;
			};
		};
		86958514282E2E1A0081EDE6 /* XCRemoteSwiftPackageReference "firebase-ios-sdk" */ = {
			isa = XCRemoteSwiftPackageReference;
			repositoryURL = "https://github.com/firebase/firebase-ios-sdk";
			requirement = {
				kind = upToNextMajorVersion;
				minimumVersion = 9.0.0;
			};
		};
		86958519282E2EE20081EDE6 /* XCRemoteSwiftPackageReference "GoogleSignIn-iOS" */ = {
			isa = XCRemoteSwiftPackageReference;
			repositoryURL = "https://github.com/google/GoogleSignIn-iOS";
			requirement = {
				kind = upToNextMajorVersion;
				minimumVersion = 6.0.0;
			};
		};
/* End XCRemoteSwiftPackageReference section */

/* Begin XCSwiftPackageProductDependency section */
		8625D181282C199E00F79CF9 /* StockCharts */ = {
			isa = XCSwiftPackageProductDependency;
			package = 8625D180282C199E00F79CF9 /* XCRemoteSwiftPackageReference "stock-charts" */;
			productName = StockCharts;
		};
		86958515282E2E1A0081EDE6 /* FirebaseAuth */ = {
			isa = XCSwiftPackageProductDependency;
			package = 86958514282E2E1A0081EDE6 /* XCRemoteSwiftPackageReference "firebase-ios-sdk" */;
			productName = FirebaseAuth;
		};
		86958517282E2E1A0081EDE6 /* FirebaseFirestore */ = {
			isa = XCSwiftPackageProductDependency;
			package = 86958514282E2E1A0081EDE6 /* XCRemoteSwiftPackageReference "firebase-ios-sdk" */;
			productName = FirebaseFirestore;
		};
		8695851A282E2EE20081EDE6 /* GoogleSignIn */ = {
			isa = XCSwiftPackageProductDependency;
			package = 86958519282E2EE20081EDE6 /* XCRemoteSwiftPackageReference "GoogleSignIn-iOS" */;
			productName = GoogleSignIn;
		};
/* End XCSwiftPackageProductDependency section */
	};
	rootObject = 8625D156282BE1C400F79CF9 /* Project object */;
}
